
Microsoft Visual Studio Solution File, Format Version 12.00
# Visual Studio Version 17
VisualStudioVersion = 17.5.33414.496
MinimumVisualStudioVersion = 10.0.40219.1
Project("{FAE04EC0-301F-11D3-BF4B-00C04F79EFBC}") = "SistemaAGROAVE", "SistemaAGROAVE\SistemaAGROAVE.csproj", "{D841EF66-BC05-4DBC-BEF7-5F4C67448EA3}"
EndProject
Global
	GlobalSection(SolutionConfigurationPlatforms) = preSolution
		Debug|Any CPU = Debug|Any CPU
		Release|Any CPU = Release|Any CPU
	EndGlobalSection
	GlobalSection(ProjectConfigurationPlatforms) = postSolution
		{D841EF66-BC05-4DBC-BEF7-5F4C67448EA3}.Debug|Any CPU.ActiveCfg = Debug|Any CPU
		{D841EF66-BC05-4DBC-BEF7-5F4C67448EA3}.Debug|Any CPU.Build.0 = Debug|Any CPU
		{D841EF66-BC05-4DBC-BEF7-5F4C67448EA3}.Release|Any CPU.ActiveCfg = Release|Any CPU
		{D841EF66-BC05-4DBC-BEF7-5F4C67448EA3}.Release|Any CPU.Build.0 = Release|Any CPU
	EndGlobalSection
	GlobalSection(SolutionProperties) = preSolution
		HideSolutionNode = FALSE
	EndGlobalSection
	GlobalSection(ExtensibilityGlobals) = postSolution
		SolutionGuid = {AA48CA07-86E0-4707-9A0B-1911D17E0FA9}
	EndGlobalSection
EndGlobal
